
Microsoft Visual Studio Solution File, Format Version 12.00
# Visual Studio Version 17
VisualStudioVersion = 17.1.32414.318
MinimumVisualStudioVersion = 10.0.40219.1
Project("{9A19103F-16F7-4668-BE54-9A1E7A4F7556}") = "OGAOE7_HFT_2021221.Client", "OGAOE7_HFT_2021221.Client\OGAOE7_HFT_2021221.Client.csproj", "{17DBD79E-9655-474C-9239-1AFBD9A5A135}"
EndProject
Project("{9A19103F-16F7-4668-BE54-9A1E7A4F7556}") = "OGAOE7_HFT_2021221.Models", "OGAOE7_HFT_2021221.Models\OGAOE7_HFT_2021221.Models.csproj", "{E7B2BCBC-B375-4D5D-BA9F-50FB3FBD2E0C}"
EndProject
Project("{9A19103F-16F7-4668-BE54-9A1E7A4F7556}") = "OGAOE7_HFT_2021221.Data", "OGAOE7_HFT_2021221.Data\OGAOE7_HFT_2021221.Data.csproj", "{F42B453F-0F64-42D3-B958-78690FB61C6E}"
EndProject
Project("{9A19103F-16F7-4668-BE54-9A1E7A4F7556}") = "OGAOE7_HFT_2021221.Logic", "OGAOE7_HFT_2021221.Logic\OGAOE7_HFT_2021221.Logic.csproj", "{AE91446F-3250-4EC3-9297-03CA99800EF6}"
EndProject
Project("{9A19103F-16F7-4668-BE54-9A1E7A4F7556}") = "OGAOE7_HFT_2021221.Repository", "OGAOE7_HFT_2021221.Repository\OGAOE7_HFT_2021221.Repository.csproj", "{763CF6FF-DE91-4899-9B00-6BD37C8AD184}"
EndProject
Project("{9A19103F-16F7-4668-BE54-9A1E7A4F7556}") = "OGAOE7_HFT_2021221.Endpoint", "OGAOE7_HFT_2021221.Endpoint\OGAOE7_HFT_2021221.Endpoint.csproj", "{544FF14E-E837-418C-AB9E-CF6072920F51}"
EndProject
Project("{9A19103F-16F7-4668-BE54-9A1E7A4F7556}") = "OGAOE7_HFT_2021221.Test", "OGAOE7_HFT_2021221.Test\OGAOE7_HFT_2021221.Test.csproj", "{3F4EF0A1-9DA4-4D44-9943-7247012E6261}"
EndProject
Project("{2150E333-8FDC-42A3-9474-1A3956D46DE8}") = "Backend", "Backend", "{C849B1A6-92CF-4422-950F-D209E4F994F5}"
EndProject
Project("{2150E333-8FDC-42A3-9474-1A3956D46DE8}") = "Frontend", "Frontend", "{BC31EFE9-1111-4A52-A98B-14C74AF65805}"
EndProject
Project("{2150E333-8FDC-42A3-9474-1A3956D46DE8}") = "Shared", "Shared", "{76CBE16A-97BB-466B-A7A2-D39A600CBEA9}"
EndProject
Project("{2150E333-8FDC-42A3-9474-1A3956D46DE8}") = "Others", "Others", "{6A948559-E591-4C49-B5FD-9665865F5088}"
	ProjectSection(SolutionItems) = preProject
		.gitignore = .gitignore
	EndProjectSection
EndProject
Project("{9A19103F-16F7-4668-BE54-9A1E7A4F7556}") = "OGAOE7_HFT_2021221.WPFClient", "WPFClient\OGAOE7_HFT_2021221.WPFClient.csproj", "{CBD286A8-D25E-46C2-BCFC-B1D71FD7763C}"
EndProject
Project("{9A19103F-16F7-4668-BE54-9A1E7A4F7556}") = "OGAOE7_HFT_2021221.JSClient", "OGAOE7_HFT_2021221.JSClient\OGAOE7_HFT_2021221.JSClient.csproj", "{D57CEBD6-057E-46BE-9419-32E7FE417657}"
EndProject
Project("{2150E333-8FDC-42A3-9474-1A3956D46DE8}") = "Solution Items", "Solution Items", "{36C2B87D-86BA-4033-A0EC-736B28AA49B0}"
	ProjectSection(SolutionItems) = preProject
		.editorconfig = .editorconfig
	EndProjectSection
EndProject
Global
	GlobalSection(SolutionConfigurationPlatforms) = preSolution
		Debug|Any CPU = Debug|Any CPU
		Release|Any CPU = Release|Any CPU
	EndGlobalSection
	GlobalSection(ProjectConfigurationPlatforms) = postSolution
		{17DBD79E-9655-474C-9239-1AFBD9A5A135}.Debug|Any CPU.ActiveCfg = Debug|Any CPU
		{17DBD79E-9655-474C-9239-1AFBD9A5A135}.Debug|Any CPU.Build.0 = Debug|Any CPU
		{17DBD79E-9655-474C-9239-1AFBD9A5A135}.Release|Any CPU.ActiveCfg = Release|Any CPU
		{17DBD79E-9655-474C-9239-1AFBD9A5A135}.Release|Any CPU.Build.0 = Release|Any CPU
		{E7B2BCBC-B375-4D5D-BA9F-50FB3FBD2E0C}.Debug|Any CPU.ActiveCfg = Debug|Any CPU
		{E7B2BCBC-B375-4D5D-BA9F-50FB3FBD2E0C}.Debug|Any CPU.Build.0 = Debug|Any CPU
		{E7B2BCBC-B375-4D5D-BA9F-50FB3FBD2E0C}.Release|Any CPU.ActiveCfg = Release|Any CPU
		{E7B2BCBC-B375-4D5D-BA9F-50FB3FBD2E0C}.Release|Any CPU.Build.0 = Release|Any CPU
		{F42B453F-0F64-42D3-B958-78690FB61C6E}.Debug|Any CPU.ActiveCfg = Debug|Any CPU
		{F42B453F-0F64-42D3-B958-78690FB61C6E}.Debug|Any CPU.Build.0 = Debug|Any CPU
		{F42B453F-0F64-42D3-B958-78690FB61C6E}.Release|Any CPU.ActiveCfg = Release|Any CPU
		{F42B453F-0F64-42D3-B958-78690FB61C6E}.Release|Any CPU.Build.0 = Release|Any CPU
		{AE91446F-3250-4EC3-9297-03CA99800EF6}.Debug|Any CPU.ActiveCfg = Debug|Any CPU
		{AE91446F-3250-4EC3-9297-03CA99800EF6}.Debug|Any CPU.Build.0 = Debug|Any CPU
		{AE91446F-3250-4EC3-9297-03CA99800EF6}.Release|Any CPU.ActiveCfg = Release|Any CPU
		{AE91446F-3250-4EC3-9297-03CA99800EF6}.Release|Any CPU.Build.0 = Release|Any CPU
		{763CF6FF-DE91-4899-9B00-6BD37C8AD184}.Debug|Any CPU.ActiveCfg = Debug|Any CPU
		{763CF6FF-DE91-4899-9B00-6BD37C8AD184}.Debug|Any CPU.Build.0 = Debug|Any CPU
		{763CF6FF-DE91-4899-9B00-6BD37C8AD184}.Release|Any CPU.ActiveCfg = Release|Any CPU
		{763CF6FF-DE91-4899-9B00-6BD37C8AD184}.Release|Any CPU.Build.0 = Release|Any CPU
		{544FF14E-E837-418C-AB9E-CF6072920F51}.Debug|Any CPU.ActiveCfg = Debug|Any CPU
		{544FF14E-E837-418C-AB9E-CF6072920F51}.Debug|Any CPU.Build.0 = Debug|Any CPU
		{544FF14E-E837-418C-AB9E-CF6072920F51}.Release|Any CPU.ActiveCfg = Release|Any CPU
		{544FF14E-E837-418C-AB9E-CF6072920F51}.Release|Any CPU.Build.0 = Release|Any CPU
		{3F4EF0A1-9DA4-4D44-9943-7247012E6261}.Debug|Any CPU.ActiveCfg = Debug|Any CPU
		{3F4EF0A1-9DA4-4D44-9943-7247012E6261}.Debug|Any CPU.Build.0 = Debug|Any CPU
		{3F4EF0A1-9DA4-4D44-9943-7247012E6261}.Release|Any CPU.ActiveCfg = Release|Any CPU
		{3F4EF0A1-9DA4-4D44-9943-7247012E6261}.Release|Any CPU.Build.0 = Release|Any CPU
		{CBD286A8-D25E-46C2-BCFC-B1D71FD7763C}.Debug|Any CPU.ActiveCfg = Debug|Any CPU
		{CBD286A8-D25E-46C2-BCFC-B1D71FD7763C}.Debug|Any CPU.Build.0 = Debug|Any CPU
		{CBD286A8-D25E-46C2-BCFC-B1D71FD7763C}.Release|Any CPU.ActiveCfg = Release|Any CPU
		{CBD286A8-D25E-46C2-BCFC-B1D71FD7763C}.Release|Any CPU.Build.0 = Release|Any CPU
		{D57CEBD6-057E-46BE-9419-32E7FE417657}.Debug|Any CPU.ActiveCfg = Debug|Any CPU
		{D57CEBD6-057E-46BE-9419-32E7FE417657}.Debug|Any CPU.Build.0 = Debug|Any CPU
		{D57CEBD6-057E-46BE-9419-32E7FE417657}.Release|Any CPU.ActiveCfg = Release|Any CPU
		{D57CEBD6-057E-46BE-9419-32E7FE417657}.Release|Any CPU.Build.0 = Release|Any CPU
	EndGlobalSection
	GlobalSection(SolutionProperties) = preSolution
		HideSolutionNode = FALSE
	EndGlobalSection
	GlobalSection(NestedProjects) = preSolution
		{17DBD79E-9655-474C-9239-1AFBD9A5A135} = {BC31EFE9-1111-4A52-A98B-14C74AF65805}
		{E7B2BCBC-B375-4D5D-BA9F-50FB3FBD2E0C} = {76CBE16A-97BB-466B-A7A2-D39A600CBEA9}
		{F42B453F-0F64-42D3-B958-78690FB61C6E} = {C849B1A6-92CF-4422-950F-D209E4F994F5}
		{AE91446F-3250-4EC3-9297-03CA99800EF6} = {C849B1A6-92CF-4422-950F-D209E4F994F5}
		{763CF6FF-DE91-4899-9B00-6BD37C8AD184} = {C849B1A6-92CF-4422-950F-D209E4F994F5}
		{544FF14E-E837-418C-AB9E-CF6072920F51} = {C849B1A6-92CF-4422-950F-D209E4F994F5}
		{3F4EF0A1-9DA4-4D44-9943-7247012E6261} = {C849B1A6-92CF-4422-950F-D209E4F994F5}
		{CBD286A8-D25E-46C2-BCFC-B1D71FD7763C} = {BC31EFE9-1111-4A52-A98B-14C74AF65805}
		{D57CEBD6-057E-46BE-9419-32E7FE417657} = {BC31EFE9-1111-4A52-A98B-14C74AF65805}
	EndGlobalSection
	GlobalSection(ExtensibilityGlobals) = postSolution
		SolutionGuid = {E8501F8F-BE70-4B19-83E3-43A1897129FC}
	EndGlobalSection
EndGlobal
